{
  "version": 1,
  "dependencies": {
    ".NETFramework,Version=v4.7.2": {
      "AForge.Video": {
        "type": "Direct",
        "requested": "[2.2.5, )",
        "resolved": "2.2.5",
        "contentHash": "XqzcOXtBUagEPRqg/00oayxlCPmxP4284SdM62mVotsNoD03fs19BrzdMBfhUOOYPyd0B/IXH7tEWnSDmc2gxA==",
        "dependencies": {
          "AForge": "2.2.5"
        }
      },
      "AForge.Video.DirectShow": {
        "type": "Direct",
        "requested": "[2.2.5, )",
        "resolved": "2.2.5",
        "contentHash": "pEch6felU/RGAbl0A7yjaQjsGxwiRFU9R+qBqR92wQo++XhzPLeQaZHnAPIBYaG7MfoqtjgCDkK4z3Tra4VQ3w==",
        "dependencies": {
          "AForge.Video": "2.2.5"
        }
      },
      "Costura.Fody": {
        "type": "Direct",
        "requested": "[6.0.0, )",
        "resolved": "6.0.0",
        "contentHash": "3Uriu9GJABMivG0wXMJs6NQ7FNE3pylir1gZEBAWDvpii3cnrmxXnOG44MMDuIVOIk/Xhef7WZFsaCNV+py9qA==",
        "dependencies": {
          "Fody": "6.8.2"
        }
      },
      "Hardcodet.NotifyIcon.Wpf": {
        "type": "Direct",
        "requested": "[1.1.0, )",
        "resolved": "1.1.0",
        "contentHash": "FFEkdRSidMrbMfQVwhCzq6KtSyR1qQojqtiUrkCyjnOOuMf7W3TNQkzFnBBxYxFe7uLk5mz7M38wFh1qdWyfvg=="
      },
      "iNKORE.UI.WPF.Modern": {
        "type": "Direct",
        "requested": "[0.9.27, )",
        "resolved": "0.9.27",
        "contentHash": "Mt7KEDjYMdq7hOdPQ0accBN/X6Eb1bkgvyqs+qTGpfx9GKTVhtShbBslWplrqtKvvLsC9/6uU+bTa6rKBcO+kA==",
        "dependencies": {
          "System.ValueTuple": "4.5.0"
        }
      },
      "MdXaml": {
        "type": "Direct",
        "requested": "[1.27.0, )",
        "resolved": "1.27.0",
        "contentHash": "VWhqhCeKVkJe8vkPmXuGZlRX01WDrTugOLeUvJn18jH/8DrGGVBvtgIlJoELHD2f1DiEWqF3lxxjV55vnzE7Tg==",
        "dependencies": {
          "AvalonEdit": "6.3.0.90",
          "MdXaml.Plugins": "1.27.0"
        }
      },
      "Microsoft.International.Converters.PinYinConverter": {
        "type": "Direct",
        "requested": "[1.0.0, )",
        "resolved": "1.0.0",
        "contentHash": "hEs/VPwGFeVNLf2Wc6k2bMYF71zE6x+lW4MfebRAjkVbAbaa4DbEmdFRfSBymvGLtdsCUvXo2aa/yFKYSCYmEQ=="
      },
      "Microsoft.Office.Interop.PowerPoint": {
        "type": "Direct",
        "requested": "[15.0.4420.1018, )",
        "resolved": "15.0.4420.1018",
        "contentHash": "3XkJAqbYq93MqqSOPusNE+6Tve5yBkbE92n9W8f+k8Z9AzXeoTMqMYqhZMrzVOp4saHhMMbOD78JkCjvk+qIzw=="
      },
      "Microsoft.Toolkit.Uwp.Notifications": {
        "type": "Direct",
        "requested": "[7.1.3, )",
        "resolved": "7.1.3",
        "contentHash": "A1dglAzb24gjehmb7DwGd07mfyZ1gacAK7ObE0KwDlRc3mayH2QW7cSOy3TkkyELjLg19OQBuhPOj4SpXET9lg==",
        "dependencies": {
          "Microsoft.NETFramework.ReferenceAssemblies": "1.0.0",
          "Microsoft.Windows.SDK.Contracts": "10.0.19041.1",
          "System.ValueTuple": "4.5.0"
        }
      },
      "MicrosoftOfficeCore": {
        "type": "Direct",
        "requested": "[15.0.0, )",
        "resolved": "15.0.0",
        "contentHash": "/KgYw8uvv0Ut8FPvyEa1XJ/TrLSRgvTv3JgC2IT0/8NwoICzbEJWfmfwsE6Dwi8WH0jVkTEO7zRvGvaKqUOhqQ=="
      },
      "Newtonsoft.Json": {
        "type": "Direct",
        "requested": "[13.0.3, )",
        "resolved": "13.0.3",
        "contentHash": "HrC5BXdl00IP9zeV+0Z848QWPAoCr9P3bDEZguI+gkLcBKAOxix/tLEAAHC+UvDNPv4a2d18lOReHMOagPa+zQ=="
      },
      "NHotkey.Wpf": {
        "type": "Direct",
        "requested": "[3.0.0, )",
        "resolved": "3.0.0",
        "contentHash": "BIUKlhTG5KtFf9OQzWvkmVmktt5/FFj6AOEgag8Uf0R2YdZt5ajUzs3sVskcJcT2TztWlEHKQr1jFj3KQ0D9Nw==",
        "dependencies": {
          "NHotkey": "3.0.0"
        }
      },
      "OSVersionExt": {
        "type": "Direct",
        "requested": "[3.0.0, )",
        "resolved": "3.0.0",
        "contentHash": "G+3FGoEFhjSMx24UInvqRVb7dQ7K0coC8E+EiZWhnQGnDe8IJa14AZ0IDqz5YkwUFHOAcVUnoMWDqLH2RPR0wA=="
      },
      "AForge": {
        "type": "Transitive",
        "resolved": "2.2.5",
        "contentHash": "clkumhM9DggqIzEXAHgVLeWO4arG5YfoPr7J4jfjJx35AoeEIJSSm49J25bwp/9mXQYLwi7y1Wunc8qgYJsGxg=="
      },
      "AvalonEdit": {
        "type": "Transitive",
        "resolved": "6.3.0.90",
        "contentHash": "WVTb5MxwGqKdeasd3nG5udlV4t6OpvkFanziwI133K0/QJ5FvZmfzRQgpAjGTJhQfIA8GP7AzKQ3sTY9JOFk8Q=="
      },
      "Fody": {
        "type": "Transitive",
        "resolved": "6.8.2",
        "contentHash": "sjGHrtGS1+kcrv99WXCvujOFBTQp4zCH3ZC9wo2LAtVaJkuLpHghQx3y4k1Q8ZKuDAbEw+HE6ZjPUJQK3ejepQ=="
      },
      "MdXaml.Plugins": {
        "type": "Transitive",
        "resolved": "1.27.0",
        "contentHash": "We7LtBdoukRg9mqTfa1f5n8z/GQPMKBRj3URk9DiMuqzIHkW1lTgK5njVPSScxsRt4YzW22423tSnLWNm2MJKg=="
      },
      "Microsoft.NETFramework.ReferenceAssemblies": {
        "type": "Transitive",
        "resolved": "1.0.0",
        "contentHash": "7D2TMufjGiowmt0E941kVoTIS+GTNzaPopuzM1/1LSaJAdJdBrVP0SkZW7AgDd0a2U1DjsIeaKG1wxGVBNLDMw==",
        "dependencies": {
          "Microsoft.NETFramework.ReferenceAssemblies.net472": "1.0.0"
        }
      },
      "Microsoft.NETFramework.ReferenceAssemblies.net472": {
        "type": "Transitive",
        "resolved": "1.0.0",
        "contentHash": "VI0f22cH/xOlXLUVY7t6vr2Gi7cg0vzwpspNGz5isRusyspZblF7jJMw49E8mF1m071JyeVmZVkIK9c5kbiyFA=="
      },
      "Microsoft.Windows.SDK.Contracts": {
        "type": "Transitive",
        "resolved": "10.0.19041.1",
        "contentHash": "sgDwuoyubbLFNJR/BINbvfSNRiglF91D+Q0uEAkU4ZTO5Hgbnu8+gA4TCc65S56e1kK7gvR1+H4kphkDTr+9bw==",
        "dependencies": {
          "System.Runtime.WindowsRuntime": "4.6.0",
          "System.Runtime.WindowsRuntime.UI.Xaml": "4.6.0"
        }
      },
      "NHotkey": {
        "type": "Transitive",
        "resolved": "3.0.0",
        "contentHash": "IEghs0QqWsQYH0uUmvIl0Ye6RaebWRh38eB6ToOkDnQucTYRGFOgtig0gSxlwCszTilYFz3n1ZuY762x+kDR3A=="
      },
      "System.Runtime.WindowsRuntime": {
        "type": "Transitive",
        "resolved": "4.6.0",
        "contentHash": "IWrs1TmbxP65ZZjIglNyvDkFNoV5q2Pofg5WO7I8RKQOpLdFprQSh3xesOoClBqR4JHr4nEB1Xk1MqLPW1jPuQ=="
      },
      "System.Runtime.WindowsRuntime.UI.Xaml": {
        "type": "Transitive",
        "resolved": "4.6.0",
        "contentHash": "r4tNw5v5kqRJ9HikWpcyNf3suGw7DjX93svj9iBjtdeLqL8jt9Z+7f+s4wrKZJr84u8IMsrIjt8K6jYvkRqMSg==",
        "dependencies": {
          "System.Runtime.WindowsRuntime": "4.6.0"
        }
      },
      "System.ValueTuple": {
        "type": "Transitive",
        "resolved": "4.5.0",
        "contentHash": "okurQJO6NRE/apDIP23ajJ0hpiNmJ+f0BwOlB/cSqTLQlw5upkf+5+96+iG2Jw40G1fCVCyPz/FhIABUjMR+RQ=="
      }
    },
    ".NETFramework,Version=v4.7.2/win": {},
    ".NETFramework,Version=v4.7.2/win-arm64": {},
    ".NETFramework,Version=v4.7.2/win-x64": {},
    ".NETFramework,Version=v4.7.2/win-x86": {}
  }
}